
Microsoft Visual Studio Solution File, Format Version 12.00
# Visual Studio Version 17
VisualStudioVersion = 17.10.34928.147
MinimumVisualStudioVersion = 10.0.40219.1
Project("{FAE04EC0-301F-11D3-BF4B-00C04F79EFBC}") = "teamproject5", "teamproject5.csproj", "{BDE6932E-989A-4AD2-8E95-5BEEA8BB01C0}"
EndProject
Global
	GlobalSection(SolutionConfigurationPlatforms) = preSolution
		Debug|Any CPU = Debug|Any CPU
		Release|Any CPU = Release|Any CPU
	EndGlobalSection
	GlobalSection(ProjectConfigurationPlatforms) = postSolution
		{BDE6932E-989A-4AD2-8E95-5BEEA8BB01C0}.Debug|Any CPU.ActiveCfg = Debug|Any CPU
		{BDE6932E-989A-4AD2-8E95-5BEEA8BB01C0}.Debug|Any CPU.Build.0 = Debug|Any CPU
		{BDE6932E-989A-4AD2-8E95-5BEEA8BB01C0}.Release|Any CPU.ActiveCfg = Release|Any CPU
		{BDE6932E-989A-4AD2-8E95-5BEEA8BB01C0}.Release|Any CPU.Build.0 = Release|Any CPU
	EndGlobalSection
	GlobalSection(SolutionProperties) = preSolution
		HideSolutionNode = FALSE
	EndGlobalSection
	GlobalSection(ExtensibilityGlobals) = postSolution
		SolutionGuid = {66FAED5B-AD99-4CD3-A439-852ADBCDA372}
	EndGlobalSection
EndGlobal
